{
  "name": "auryo",
  "version": "2.1.2",
  "lockfileVersion": 1,
  "requires": true,
  "dependencies": {
    "@types/babel-core": {
      "version": "6.25.5",
      "resolved": "https://registry.npmjs.org/@types/babel-core/-/babel-core-6.25.5.tgz",
      "integrity": "sha512-pecvyMrc46zY0AFYXVZWNmm/gekr7f32OBYCd9baOiIpOTFtNN0ormeWpJaG7p+MEzncUvNtJdYql94dZYZGsw==",
      "dev": true,
      "requires": {
        "@types/babel-generator": "6.25.2",
        "@types/babel-template": "6.25.1",
        "@types/babel-traverse": "6.25.4",
        "@types/babel-types": "7.0.4",
        "@types/babylon": "6.16.3"
      }
    },
    "@types/babel-generator": {
      "version": "6.25.2",
      "resolved": "https://registry.npmjs.org/@types/babel-generator/-/babel-generator-6.25.2.tgz",
      "integrity": "sha512-W7PQkeDlYOqJblfNeqZARwj4W8nO+ZhQQZksU8+wbaKuHeUdIVUAdREO/Qb0FfNr3CY5Sq1gNtqsyFeZfS3iSw==",
      "dev": true,
      "requires": {
        "@types/babel-types": "7.0.4"
      }
    },
    "@types/babel-template": {
      "version": "6.25.1",
      "resolved": "https://registry.npmjs.org/@types/babel-template/-/babel-template-6.25.1.tgz",
      "integrity": "sha512-teJYxh35PbBaf9OY6YwLSQ7pRiWRnHCHmlqwfVSfexOsqHUf6hpNZ4FG9PfgnpBM1VRzRJVQF3SqqOtkcNrBZQ==",
      "dev": true,
      "requires": {
        "@types/babel-types": "7.0.4",
        "@types/babylon": "6.16.3"
      }
    },
    "@types/babel-traverse": {
      "version": "6.25.4",
      "resolved": "https://registry.npmjs.org/@types/babel-traverse/-/babel-traverse-6.25.4.tgz",
      "integrity": "sha512-+/670NaZE7qPvdh8EtGds32/2uHFKE5JeS+7ePH6nGwF8Wj8r671/RkTiJQP2k22nFntWEb9xQ11MFj7xEqI0g==",
      "dev": true,
      "requires": {
        "@types/babel-types": "7.0.4"
      }
    },
    "@types/babel-types": {
      "version": "7.0.4",
      "resolved": "https://registry.npmjs.org/@types/babel-types/-/babel-types-7.0.4.tgz",
      "integrity": "sha512-WiZhq3SVJHFRgRYLXvpf65XnV6ipVHhnNaNvE8yCimejrGglkg38kEj0JcizqwSHxmPSjcTlig/6JouxLGEhGw==",
      "dev": true
    },
    "@types/babylon": {
      "version": "6.16.3",
      "resolved": "https://registry.npmjs.org/@types/babylon/-/babylon-6.16.3.tgz",
      "integrity": "sha512-lyJ8sW1PbY3uwuvpOBZ9zMYKshMnQpXmeDHh8dj9j2nJm/xrW0FgB5gLSYOArj5X0IfaXnmhFoJnhS4KbqIMug==",
      "dev": true,
      "requires": {
        "@types/babel-types": "7.0.4"
      }
    },
    "@types/node": {
      "version": "10.10.3",
      "resolved": "https://registry.npmjs.org/@types/node/-/node-10.10.3.tgz",
      "integrity": "sha512-dWk7F3b0m6uDLHero7tsnpAi9r2RGPQHGbb0/VCv7DPJRMFtk3RonY1/29vfJKnheRMBa7+uF+vunlg/mBGlxg==",
      "dev": true
    },
    "@types/node-sass": {
      "version": "3.10.32",
      "resolved": "https://registry.npmjs.org/@types/node-sass/-/node-sass-3.10.32.tgz",
      "integrity": "sha1-spbM5xRP+rd7hAkMqtTx5Lvqjgk=",
      "dev": true,
      "requires": {
        "@types/node": "10.10.3"
      }
    },
    "@types/redux-pack": {
      "version": "0.1.4",
      "resolved": "https://registry.npmjs.org/@types/redux-pack/-/redux-pack-0.1.4.tgz",
      "integrity": "sha512-1hLWH27rnTyQuUBcjmDISvEnjgpoXhLr9qIfpHlRKaIa0OR64MBUS0QWBhaD1A3dPBAyZspTErEeEEx6hTnuzg==",
      "requires": {
        "redux": "3.7.2"
      },
      "dependencies": {
        "lodash": {
          "version": "4.17.11",
          "resolved": "https://registry.npmjs.org/lodash/-/lodash-4.17.11.tgz",
          "integrity": "sha512-cQKh8igo5QUhZ7lg38DYWAxMvjSAKG0A8wGSVimP07SIUEK2UO+arSRKbRZWtelMtN5V0Hkwh5ryOto/SshYIg=="
        },
        "redux": {
          "version": "3.7.2",
          "resolved": "https://registry.npmjs.org/redux/-/redux-3.7.2.tgz",
          "integrity": "sha512-pNqnf9q1hI5HHZRBkj3bAngGZW/JMCmexDlOxw4XagXY2o1327nHH54LoTjiPJ0gizoqPDRqWyX/00g0hD6w+A==",
          "requires": {
            "lodash": "4.17.11",
            "lodash-es": "4.17.11",
            "loose-envify": "1.4.0",
            "symbol-observable": "1.2.0"
          }
        }
      }
    },
    "js-tokens": {
      "version": "4.0.0",
      "resolved": "https://registry.npmjs.org/js-tokens/-/js-tokens-4.0.0.tgz",
      "integrity": "sha512-RdJUflcE3cUzKiMqQgsCu06FPu9UdIJO0beYbPhHN4k6apgJtifcoCtT9bcxOpYBtpD2kCM6Sbzg4CausW/PKQ=="
    },
    "lodash-es": {
      "version": "4.17.11",
      "resolved": "https://registry.npmjs.org/lodash-es/-/lodash-es-4.17.11.tgz",
      "integrity": "sha512-DHb1ub+rMjjrxqlB3H56/6MXtm1lSksDp2rA2cNWjG8mlDUYFhUj3Di2Zn5IwSU87xLv8tNIQ7sSwE/YOX/D/Q=="
    },
    "loose-envify": {
      "version": "1.4.0",
      "resolved": "https://registry.npmjs.org/loose-envify/-/loose-envify-1.4.0.tgz",
      "integrity": "sha512-lyuxPGr/Wfhrlem2CL/UcnUc1zcqKAImBDzukY7Y5F/yQiNdko6+fRLevlw1HgMySw7f611UIY408EtxRSoK3Q==",
      "requires": {
        "js-tokens": "4.0.0"
      }
    },
    "symbol-observable": {
      "version": "1.2.0",
      "resolved": "https://registry.npmjs.org/symbol-observable/-/symbol-observable-1.2.0.tgz",
      "integrity": "sha512-e900nM8RRtGhlV36KGEU9k65K3mPb1WV70OdjfxlG2EAuM1noi/E/BaW/uMhL7bPEssK8QV57vN3esixjUvcXQ=="
    }
  }
}
